
Microsoft Visual Studio Solution File, Format Version 12.00
# Visual Studio Version 17
VisualStudioVersion = 17.0.32014.148
MinimumVisualStudioVersion = 10.0.40219.1
Project("{2150E333-8FDC-42A3-9474-1A3956D46DE8}") = "src", "src", "{E39C115C-F0AF-4AD4-8B0F-CD7D84805740}"
EndProject
Project("{2150E333-8FDC-42A3-9474-1A3956D46DE8}") = "Core", "Core", "{1511BA91-B17A-4FBD-8A87-651E81B14F02}"
EndProject
Project("{2150E333-8FDC-42A3-9474-1A3956D46DE8}") = "Infrastructure", "Infrastructure", "{82062A6D-6465-4A17-BDA9-F85BA2DA872F}"
EndProject
Project("{2150E333-8FDC-42A3-9474-1A3956D46DE8}") = "Presentation", "Presentation", "{66B48B90-DA8C-4E7A-B984-A462F964D968}"
EndProject
Project("{FAE04EC0-301F-11D3-BF4B-00C04F79EFBC}") = "TravelApp.Domain", "Domain\TravelApp.Domain.csproj", "{BA7B771A-329A-4F7E-BAFE-79A94E352395}"
EndProject
Project("{FAE04EC0-301F-11D3-BF4B-00C04F79EFBC}") = "TravelApp.Application", "Application\TravelApp.Application.csproj", "{09B1EAA6-1002-48AC-8FEA-5CC9AC4E7094}"
EndProject
Project("{FAE04EC0-301F-11D3-BF4B-00C04F79EFBC}") = "TravelApp.Persistence", "Persistence\TravelApp.Persistence.csproj", "{63828742-C562-42ED-BE5D-1C06A8E8AA5D}"
EndProject
Project("{FAE04EC0-301F-11D3-BF4B-00C04F79EFBC}") = "TravelApp.Infrastructure", "Infrastructure\TravelApp.Infrastructure.csproj", "{F47EC56E-4EE8-4FF1-A7C7-3C88ACF98A1F}"
EndProject
Project("{FAE04EC0-301F-11D3-BF4B-00C04F79EFBC}") = "TravelApp.API", "API\TravelApp.API.csproj", "{4BB8990E-995E-46C0-8050-D3CA1F55AD7F}"
EndProject
Global
	GlobalSection(SolutionConfigurationPlatforms) = preSolution
		Debug|Any CPU = Debug|Any CPU
		Release|Any CPU = Release|Any CPU
	EndGlobalSection
	GlobalSection(ProjectConfigurationPlatforms) = postSolution
		{BA7B771A-329A-4F7E-BAFE-79A94E352395}.Debug|Any CPU.ActiveCfg = Debug|Any CPU
		{BA7B771A-329A-4F7E-BAFE-79A94E352395}.Debug|Any CPU.Build.0 = Debug|Any CPU
		{BA7B771A-329A-4F7E-BAFE-79A94E352395}.Release|Any CPU.ActiveCfg = Release|Any CPU
		{BA7B771A-329A-4F7E-BAFE-79A94E352395}.Release|Any CPU.Build.0 = Release|Any CPU
		{09B1EAA6-1002-48AC-8FEA-5CC9AC4E7094}.Debug|Any CPU.ActiveCfg = Debug|Any CPU
		{09B1EAA6-1002-48AC-8FEA-5CC9AC4E7094}.Debug|Any CPU.Build.0 = Debug|Any CPU
		{09B1EAA6-1002-48AC-8FEA-5CC9AC4E7094}.Release|Any CPU.ActiveCfg = Release|Any CPU
		{09B1EAA6-1002-48AC-8FEA-5CC9AC4E7094}.Release|Any CPU.Build.0 = Release|Any CPU
		{63828742-C562-42ED-BE5D-1C06A8E8AA5D}.Debug|Any CPU.ActiveCfg = Debug|Any CPU
		{63828742-C562-42ED-BE5D-1C06A8E8AA5D}.Debug|Any CPU.Build.0 = Debug|Any CPU
		{63828742-C562-42ED-BE5D-1C06A8E8AA5D}.Release|Any CPU.ActiveCfg = Release|Any CPU
		{63828742-C562-42ED-BE5D-1C06A8E8AA5D}.Release|Any CPU.Build.0 = Release|Any CPU
		{F47EC56E-4EE8-4FF1-A7C7-3C88ACF98A1F}.Debug|Any CPU.ActiveCfg = Debug|Any CPU
		{F47EC56E-4EE8-4FF1-A7C7-3C88ACF98A1F}.Debug|Any CPU.Build.0 = Debug|Any CPU
		{F47EC56E-4EE8-4FF1-A7C7-3C88ACF98A1F}.Release|Any CPU.ActiveCfg = Release|Any CPU
		{F47EC56E-4EE8-4FF1-A7C7-3C88ACF98A1F}.Release|Any CPU.Build.0 = Release|Any CPU
		{4BB8990E-995E-46C0-8050-D3CA1F55AD7F}.Debug|Any CPU.ActiveCfg = Debug|Any CPU
		{4BB8990E-995E-46C0-8050-D3CA1F55AD7F}.Debug|Any CPU.Build.0 = Debug|Any CPU
		{4BB8990E-995E-46C0-8050-D3CA1F55AD7F}.Release|Any CPU.ActiveCfg = Release|Any CPU
		{4BB8990E-995E-46C0-8050-D3CA1F55AD7F}.Release|Any CPU.Build.0 = Release|Any CPU
	EndGlobalSection
	GlobalSection(SolutionProperties) = preSolution
		HideSolutionNode = FALSE
	EndGlobalSection
	GlobalSection(NestedProjects) = preSolution
		{1511BA91-B17A-4FBD-8A87-651E81B14F02} = {E39C115C-F0AF-4AD4-8B0F-CD7D84805740}
		{82062A6D-6465-4A17-BDA9-F85BA2DA872F} = {E39C115C-F0AF-4AD4-8B0F-CD7D84805740}
		{66B48B90-DA8C-4E7A-B984-A462F964D968} = {E39C115C-F0AF-4AD4-8B0F-CD7D84805740}
		{BA7B771A-329A-4F7E-BAFE-79A94E352395} = {1511BA91-B17A-4FBD-8A87-651E81B14F02}
		{09B1EAA6-1002-48AC-8FEA-5CC9AC4E7094} = {1511BA91-B17A-4FBD-8A87-651E81B14F02}
		{63828742-C562-42ED-BE5D-1C06A8E8AA5D} = {82062A6D-6465-4A17-BDA9-F85BA2DA872F}
		{F47EC56E-4EE8-4FF1-A7C7-3C88ACF98A1F} = {82062A6D-6465-4A17-BDA9-F85BA2DA872F}
		{4BB8990E-995E-46C0-8050-D3CA1F55AD7F} = {66B48B90-DA8C-4E7A-B984-A462F964D968}
	EndGlobalSection
	GlobalSection(ExtensibilityGlobals) = postSolution
		SolutionGuid = {517C0D98-5997-4CC7-B738-35F941B31C2B}
	EndGlobalSection
EndGlobal
